
{
  "name": "fortniteranker",
  "version": "1.0.0",
  "lockfileVersion": 1,
  "requires": true,
  "dependencies": {
    "fortnite": {
      "version": "3.0.0",
      "resolved": "https://registry.npmjs.org/fortnite/-/fortnite-3.0.0.tgz",
      "integrity": "sha512-zpWW+VODbKJzD7qrsLvq27A2fLLGXvtsWdwFxCuRqwoE7ZztAlXxJ2VGuQvg6UKDo9y8J1sd92tPMbK/2f7k4w==",
      "requires": {
        "snekfetch": "3.6.4"
      }
    },
    "snekfetch": {
      "version": "3.6.4",
      "resolved": "https://registry.npmjs.org/snekfetch/-/snekfetch-3.6.4.tgz",
      "integrity": "sha512-NjxjITIj04Ffqid5lqr7XdgwM7X61c/Dns073Ly170bPQHLm6jkmelye/eglS++1nfTWktpP6Y2bFXjdPlQqdw=="
    }
  }
}